
Microsoft Visual Studio Solution File, Format Version 12.00
# Visual Studio Version 17
VisualStudioVersion = 17.6.33829.357
MinimumVisualStudioVersion = 10.0.40219.1
Project("{FAE04EC0-301F-11D3-BF4B-00C04F79EFBC}") = "RestApis", "RestApis\RestApis.csproj", "{DA35F68B-F1DC-40F0-AC05-60B4E982C44E}"
EndProject
Global
	GlobalSection(SolutionConfigurationPlatforms) = preSolution
		Debug|Any CPU = Debug|Any CPU
		Release|Any CPU = Release|Any CPU
	EndGlobalSection
	GlobalSection(ProjectConfigurationPlatforms) = postSolution
		{DA35F68B-F1DC-40F0-AC05-60B4E982C44E}.Debug|Any CPU.ActiveCfg = Debug|Any CPU
		{DA35F68B-F1DC-40F0-AC05-60B4E982C44E}.Debug|Any CPU.Build.0 = Debug|Any CPU
		{DA35F68B-F1DC-40F0-AC05-60B4E982C44E}.Release|Any CPU.ActiveCfg = Release|Any CPU
		{DA35F68B-F1DC-40F0-AC05-60B4E982C44E}.Release|Any CPU.Build.0 = Release|Any CPU
	EndGlobalSection
	GlobalSection(SolutionProperties) = preSolution
		HideSolutionNode = FALSE
	EndGlobalSection
	GlobalSection(ExtensibilityGlobals) = postSolution
		SolutionGuid = {5B3D0F9C-628A-4B91-A762-802970D8AE40}
	EndGlobalSection
EndGlobal
